<?xml version="1.0" encoding="UTF-8" standalone="yes" ?>
<CodeBlocks_project_file>
	<FileVersion major="1" minor="6" />
	<Project>
		<Option title="firmware" />
		<Option makefile_is_custom="1" />
		<Option execution_dir="../../../firmware" />
		<Option pch_mode="2" />
		<Option compiler="arm-elf-gcc" />
		<MakeCommands>
			<Build command="$make -f $makefile  $exe_name.bin" />
			<CompileFile command="$make -f $makefile $file" />
			<Clean command="$make -f $makefile clean" />
			<DistClean command="$make -f $makefile distclean$target" />
			<AskRebuildNeeded command="$make -q -f $makefile " />
			<SilentBuild command="$make -f $makefile  $exe_name.bin &gt; $(CMD_NULL)" />
		</MakeCommands>
		<Build>
			<Target title="Debug">
				<Option output="../../obj_mesh_node/blink.elf" prefix_auto="0" extension_auto="0" />
				<Option object_output="/home/machine/Документы/образование/институт/Педагогическая-практика/кпд-измеритель/measure-device/software/firmware/build/C::B/.objs" />
				<Option type="1" />
				<Option compiler="arm-elf-gcc" />
				<Option use_console_runner="0" />
				<Compiler>
					<Add option="-g" />
				</Compiler>
				<MakeCommands>
					<Build command="$make DEBUG_BUILD=1 -f $makefile $exe_name.bin" />
					<CompileFile command="$make -f $makefile $file" />
					<Clean command="$make -f $makefile clean" />
					<DistClean command="$make -f $makefile distclean$target" />
					<AskRebuildNeeded command="$make -q -f $makefile " />
					<SilentBuild command="$make DEBUG_BUILD=1 -f $makefile $exe_name.bin &gt; $(CMD_NULL)" />
				</MakeCommands>
			</Target>
			<Target title="Release">
				<Option output="../../obj_mesh_node/blink.elf" prefix_auto="0" extension_auto="0" />
				<Option object_output="obj/Release/" />
				<Option type="1" />
				<Option compiler="arm-elf-gcc" />
				<Option use_console_runner="0" />
				<Compiler>
					<Add option="-O2" />
				</Compiler>
				<Linker>
					<Add option="-s" />
				</Linker>
				<MakeCommands>
					<Build command="$make -f $makefile $exe_name.bin" />
					<CompileFile command="$make -f $makefile $file" />
					<Clean command="$make -f $makefile clean" />
					<DistClean command="$make -f $makefile distclean$target" />
					<AskRebuildNeeded command="$make -q -f $makefile " />
					<SilentBuild command="$make -f $makefile $exe_name.bin &gt; $(CMD_NULL)" />
				</MakeCommands>
			</Target>
		</Build>
		<Compiler>
			<Add option="-Wall" />
		</Compiler>
		<Unit filename="../../Makefile" />
		<Unit filename="../blink.c">
			<Option compilerVar="CC" />
		</Unit>
		<Unit filename="../encoding.c">
			<Option compilerVar="CC" />
		</Unit>
		<Unit filename="../inc/encoding.h" />
		<Unit filename="../libc_impl.c">
			<Option compilerVar="CC" />
		</Unit>
		<Unit filename="../mesh_node/Makefile.mesh_node" />
		<Unit filename="../mesh_node/at86rf231.c">
			<Option compilerVar="CC" />
		</Unit>
		<Unit filename="../mesh_node/clock.c">
			<Option compilerVar="CC" />
		</Unit>
		<Unit filename="../mesh_node/contiki-main.c">
			<Option compilerVar="CC" />
		</Unit>
		<Unit filename="../mesh_node/hardware.c">
			<Option compilerVar="CC" />
		</Unit>
		<Unit filename="../mesh_node/hardware.h" />
		<Unit filename="../mesh_node/inc/at86rf231.h" />
		<Unit filename="../mesh_node/inc/clock.h" />
		<Unit filename="../mesh_node/inc/contiki-conf.h" />
		<Unit filename="../mesh_node/inc/ir_led.h" />
		<Unit filename="../mesh_node/inc/led.h" />
		<Unit filename="../mesh_node/inc/stm32l1xx_conf.h" />
		<Unit filename="../mesh_node/inc/stm32l1xx_it.h" />
		<Unit filename="../mesh_node/ir_led.c">
			<Option compilerVar="CC" />
		</Unit>
		<Unit filename="../mesh_node/led.c">
			<Option compilerVar="CC" />
		</Unit>
		<Unit filename="../mesh_node/stm32l1xx_it.c">
			<Option compilerVar="CC" />
		</Unit>
		<Unit filename="../mesh_node/system_stm32l1xx.c">
			<Option compilerVar="CC" />
		</Unit>
		<Unit filename="../stm32l151/Makefile.stm32l151" />
		<Unit filename="../stm32l151/STM32_flash.ld" />
		<Unit filename="../stm32l151/gcc_stm32.make" />
		<Unit filename="../stm32l151/mtarch.h" />
		<Unit filename="../stm32l151/rtimer-arch.c">
			<Option compilerVar="CC" />
		</Unit>
		<Unit filename="../stm32l151/rtimer-arch.h" />
		<Unit filename="../stm32l151/startup_stm32l1xx_md.S" />
		<Extensions>
			<code_completion>
				<search_path add="../../libs/std_perph/src/Libraries/STM32L1xx_StdPeriph_Driver/src" />
				<search_path add="../../libs/std_perph/src/Libraries/STM32L1xx_StdPeriph_Driver/inc" />
				<search_path add="../../libs/std_perph/src/Libraries/CMSIS/Device/ST/STM32L1xx/Include" />
			</code_completion>
			<debugger>
				<search_path add="../../src" />
				<remote_debugging>
					<options conn_type="0" serial_baud="115200" ip_address="localhost" ip_port="3333" additional_cmds="monitor reset halt&#x0A;load&#x0A;" />
				</remote_debugging>
			</debugger>
		</Extensions>
	</Project>
</CodeBlocks_project_file>
